
Microsoft Visual Studio Solution File, Format Version 12.00
# Visual Studio 2013
VisualStudioVersion = 12.0.30723.0
MinimumVisualStudioVersion = 10.0.40219.1
Project("{FAE04EC0-301F-11D3-BF4B-00C04F79EFBC}") = "EvaluateFizzBuzz", "EvaluateFizzBuzz\EvaluateFizzBuzz.csproj", "{F954AAC6-7F57-4209-A6C6-695C8077694B}"
EndProject
Project("{FAE04EC0-301F-11D3-BF4B-00C04F79EFBC}") = "EvaluateFizzBuzzTests", "EvaluateFizzBuzzTests\EvaluateFizzBuzzTests.csproj", "{9B77D006-9BA6-49A8-BC31-6FC56EFA6FEA}"
EndProject
Global
	GlobalSection(SolutionConfigurationPlatforms) = preSolution
		Debug|Any CPU = Debug|Any CPU
		Release|Any CPU = Release|Any CPU
	EndGlobalSection
	GlobalSection(ProjectConfigurationPlatforms) = postSolution
		{F954AAC6-7F57-4209-A6C6-695C8077694B}.Debug|Any CPU.ActiveCfg = Debug|Any CPU
		{F954AAC6-7F57-4209-A6C6-695C8077694B}.Debug|Any CPU.Build.0 = Debug|Any CPU
		{F954AAC6-7F57-4209-A6C6-695C8077694B}.Release|Any CPU.ActiveCfg = Release|Any CPU
		{F954AAC6-7F57-4209-A6C6-695C8077694B}.Release|Any CPU.Build.0 = Release|Any CPU
		{9B77D006-9BA6-49A8-BC31-6FC56EFA6FEA}.Debug|Any CPU.ActiveCfg = Debug|Any CPU
		{9B77D006-9BA6-49A8-BC31-6FC56EFA6FEA}.Debug|Any CPU.Build.0 = Debug|Any CPU
		{9B77D006-9BA6-49A8-BC31-6FC56EFA6FEA}.Release|Any CPU.ActiveCfg = Release|Any CPU
		{9B77D006-9BA6-49A8-BC31-6FC56EFA6FEA}.Release|Any CPU.Build.0 = Release|Any CPU
	EndGlobalSection
	GlobalSection(SolutionProperties) = preSolution
		HideSolutionNode = FALSE
	EndGlobalSection
EndGlobal
